
Microsoft Visual Studio Solution File, Format Version 12.00
# Visual Studio Version 17
VisualStudioVersion = 17.8.34309.116
MinimumVisualStudioVersion = 10.0.40219.1
Project("{FAE04EC0-301F-11D3-BF4B-00C04F79EFBC}") = "Oefening47", "Oefening47\Oefening47.csproj", "{A095C9FF-0B00-4518-9FC3-31CB45619AE7}"
EndProject
Global
	GlobalSection(SolutionConfigurationPlatforms) = preSolution
		Debug|Any CPU = Debug|Any CPU
		Release|Any CPU = Release|Any CPU
	EndGlobalSection
	GlobalSection(ProjectConfigurationPlatforms) = postSolution
		{A095C9FF-0B00-4518-9FC3-31CB45619AE7}.Debug|Any CPU.ActiveCfg = Debug|Any CPU
		{A095C9FF-0B00-4518-9FC3-31CB45619AE7}.Debug|Any CPU.Build.0 = Debug|Any CPU
		{A095C9FF-0B00-4518-9FC3-31CB45619AE7}.Release|Any CPU.ActiveCfg = Release|Any CPU
		{A095C9FF-0B00-4518-9FC3-31CB45619AE7}.Release|Any CPU.Build.0 = Release|Any CPU
	EndGlobalSection
	GlobalSection(SolutionProperties) = preSolution
		HideSolutionNode = FALSE
	EndGlobalSection
	GlobalSection(ExtensibilityGlobals) = postSolution
		SolutionGuid = {72C7C8B9-09AC-4755-9236-E3B806177C4B}
	EndGlobalSection
EndGlobal
